// !$*UTF8*$!
{
	archiveVersion = 1;
	classes = {
	};
	objectVersion = 50;
	objects = {

/* Begin PBXBuildFile section */
		0873568621BCC47F006FEE2F /* main.m in Sources */ = {isa = PBXBuildFile; fileRef = 0873568521BCC47F006FEE2F /* main.m */; };
		0873568E21BCEABC006FEE2F /* Taxi.m in Sources */ = {isa = PBXBuildFile; fileRef = 0873568D21BCEABC006FEE2F /* Taxi.m */; };
		0873569121BCEC37006FEE2F /* Trip.m in Sources */ = {isa = PBXBuildFile; fileRef = 0873569021BCEC37006FEE2F /* Trip.m */; };
		0873569421BD0BC1006FEE2F /* ObjectFactory.m in Sources */ = {isa = PBXBuildFile; fileRef = 0873569321BD0BC1006FEE2F /* ObjectFactory.m */; };
/* End PBXBuildFile section */

/* Begin PBXCopyFilesBuildPhase section */
		0873568021BCC47F006FEE2F /* CopyFiles */ = {
			isa = PBXCopyFilesBuildPhase;
			buildActionMask = 2147483647;
			dstPath = /usr/share/man/man1/;
			dstSubfolderSpec = 0;
			files = (
			);
			runOnlyForDeploymentPostprocessing = 1;
		};
/* End PBXCopyFilesBuildPhase section */

/* Begin PBXFileReference section */
		0873568221BCC47F006FEE2F /* TaxiMeter-OO */ = {isa = PBXFileReference; explicitFileType = "compiled.mach-o.executable"; includeInIndex = 0; path = "TaxiMeter-OO"; sourceTree = BUILT_PRODUCTS_DIR; };
		0873568521BCC47F006FEE2F /* main.m */ = {isa = PBXFileReference; lastKnownFileType = sourcecode.c.objc; path = main.m; sourceTree = "<group>"; };
		0873568C21BCEABC006FEE2F /* Taxi.h */ = {isa = PBXFileReference; lastKnownFileType = sourcecode.c.h; path = Taxi.h; sourceTree = "<group>"; };
		0873568D21BCEABC006FEE2F /* Taxi.m */ = {isa = PBXFileReference; lastKnownFileType = sourcecode.c.objc; path = Taxi.m; sourceTree = "<group>"; };
		0873568F21BCEC37006FEE2F /* Trip.h */ = {isa = PBXFileReference; lastKnownFileType = sourcecode.c.h; path = Trip.h; sourceTree = "<group>"; };
		0873569021BCEC37006FEE2F /* Trip.m */ = {isa = PBXFileReference; lastKnownFileType = sourcecode.c.objc; path = Trip.m; sourceTree = "<group>"; };
		0873569221BD0BC1006FEE2F /* ObjectFactory.h */ = {isa = PBXFileReference; lastKnownFileType = sourcecode.c.h; path = ObjectFactory.h; sourceTree = "<group>"; };
		0873569321BD0BC1006FEE2F /* ObjectFactory.m */ = {isa = PBXFileReference; lastKnownFileType = sourcecode.c.objc; path = ObjectFactory.m; sourceTree = "<group>"; };
/* End PBXFileReference section */

/* Begin PBXFrameworksBuildPhase section */
		0873567F21BCC47F006FEE2F /* Frameworks */ = {
			isa = PBXFrameworksBuildPhase;
			buildActionMask = 2147483647;
			files = (
			);
			runOnlyForDeploymentPostprocessing = 0;
		};
/* End PBXFrameworksBuildPhase section */

/* Begin PBXGroup section */
		0873567921BCC47F006FEE2F = {
			isa = PBXGroup;
			children = (
				0873568421BCC47F006FEE2F /* TaxiMeter-OO */,
				0873568321BCC47F006FEE2F /* Products */,
			);
			sourceTree = "<group>";
		};
		0873568321BCC47F006FEE2F /* Products */ = {
			isa = PBXGroup;
			children = (
				0873568221BCC47F006FEE2F /* TaxiMeter-OO */,
			);
			name = Products;
			sourceTree = "<group>";
		};
		0873568421BCC47F006FEE2F /* TaxiMeter-OO */ = {
			isa = PBXGroup;
			children = (
				0873568521BCC47F006FEE2F /* main.m */,
				0873568C21BCEABC006FEE2F /* Taxi.h */,
				0873568D21BCEABC006FEE2F /* Taxi.m */,
				0873568F21BCEC37006FEE2F /* Trip.h */,
				0873569021BCEC37006FEE2F /* Trip.m */,
				0873569221BD0BC1006FEE2F /* ObjectFactory.h */,
				0873569321BD0BC1006FEE2F /* ObjectFactory.m */,
			);
			path = "TaxiMeter-OO";
			sourceTree = "<group>";
		};
/* End PBXGroup section */

/* Begin PBXNativeTarget section */
		0873568121BCC47F006FEE2F /* TaxiMeter-OO */ = {
			isa = PBXNativeTarget;
			buildConfigurationList = 0873568921BCC47F006FEE2F /* Build configuration list for PBXNativeTarget "TaxiMeter-OO" */;
			buildPhases = (
				0873567E21BCC47F006FEE2F /* Sources */,
				0873567F21BCC47F006FEE2F /* Frameworks */,
				0873568021BCC47F006FEE2F /* CopyFiles */,
			);
			buildRules = (
			);
			dependencies = (
			);
			name = "TaxiMeter-OO";
			productName = "TaxiMeter-OO";
			productReference = 0873568221BCC47F006FEE2F /* TaxiMeter-OO */;
			productType = "com.apple.product-type.tool";
		};
/* End PBXNativeTarget section */

/* Begin PBXProject section */
		0873567A21BCC47F006FEE2F /* Project object */ = {
			isa = PBXProject;
			attributes = {
				LastUpgradeCheck = 1000;
				ORGANIZATIONNAME = "Sahil Gogna";
				TargetAttributes = {
					0873568121BCC47F006FEE2F = {
						CreatedOnToolsVersion = 10.0;
					};
				};
			};
			buildConfigurationList = 0873567D21BCC47F006FEE2F /* Build configuration list for PBXProject "TaxiMeter-OO" */;
			compatibilityVersion = "Xcode 9.3";
			developmentRegion = en;
			hasScannedForEncodings = 0;
			knownRegions = (
				en,
			);
			mainGroup = 0873567921BCC47F006FEE2F;
			productRefGroup = 0873568321BCC47F006FEE2F /* Products */;
			projectDirPath = "";
			projectRoot = "";
			targets = (
				0873568121BCC47F006FEE2F /* TaxiMeter-OO */,
			);
		};
/* End PBXProject section */

/* Begin PBXSourcesBuildPhase section */
		0873567E21BCC47F006FEE2F /* Sources */ = {
			isa = PBXSourcesBuildPhase;
			buildActionMask = 2147483647;
			files = (
				0873568621BCC47F006FEE2F /* main.m in Sources */,
				0873569421BD0BC1006FEE2F /* ObjectFactory.m in Sources */,
				0873568E21BCEABC006FEE2F /* Taxi.m in Sources */,
				0873569121BCEC37006FEE2F /* Trip.m in Sources */,
			);
			runOnlyForDeploymentPostprocessing = 0;
		};
/* End PBXSourcesBuildPhase section */

/* Begin XCBuildConfiguration section */
		0873568721BCC47F006FEE2F /* Debug */ = {
			isa = XCBuildConfiguration;
			buildSettings = {
				ALWAYS_SEARCH_USER_PATHS = NO;
				CLANG_ANALYZER_NONNULL = YES;
				CLANG_ANALYZER_NUMBER_OBJECT_CONVERSION = YES_AGGRESSIVE;
				CLANG_CXX_LANGUAGE_STANDARD = "gnu++14";
				CLANG_CXX_LIBRARY = "libc++";
				CLANG_ENABLE_MODULES = YES;
				CLANG_ENABLE_OBJC_ARC = YES;
				CLANG_ENABLE_OBJC_WEAK = YES;
				CLANG_WARN_BLOCK_CAPTURE_AUTORELEASING = YES;
				CLANG_WARN_BOOL_CONVERSION = YES;
				CLANG_WARN_COMMA = YES;
				CLANG_WARN_CONSTANT_CONVERSION = YES;
				CLANG_WARN_DEPRECATED_OBJC_IMPLEMENTATIONS = YES;
				CLANG_WARN_DIRECT_OBJC_ISA_USAGE = YES_ERROR;
				CLANG_WARN_DOCUMENTATION_COMMENTS = YES;
				CLANG_WARN_EMPTY_BODY = YES;
				CLANG_WARN_ENUM_CONVERSION = YES;
				CLANG_WARN_INFINITE_RECURSION = YES;
				CLANG_WARN_INT_CONVERSION = YES;
				CLANG_WARN_NON_LITERAL_NULL_CONVERSION = YES;
				CLANG_WARN_OBJC_IMPLICIT_RETAIN_SELF = YES;
				CLANG_WARN_OBJC_LITERAL_CONVERSION = YES;
				CLANG_WARN_OBJC_ROOT_CLASS = YES_ERROR;
				CLANG_WARN_RANGE_LOOP_ANALYSIS = YES;
				CLANG_WARN_STRICT_PROTOTYPES = YES;
				CLANG_WARN_SUSPICIOUS_MOVE = YES;
				CLANG_WARN_UNGUARDED_AVAILABILITY = YES_AGGRESSIVE;
				CLANG_WARN_UNREACHABLE_CODE = YES;
				CLANG_WARN__DUPLICATE_METHOD_MATCH = YES;
				CODE_SIGN_IDENTITY = "-";
				COPY_PHASE_STRIP = NO;
				DEBUG_INFORMATION_FORMAT = dwarf;
				ENABLE_STRICT_OBJC_MSGSEND = YES;
				ENABLE_TESTABILITY = YES;
				GCC_C_LANGUAGE_STANDARD = gnu11;
				GCC_DYNAMIC_NO_PIC = NO;
				GCC_NO_COMMON_BLOCKS = YES;
				GCC_OPTIMIZATION_LEVEL = 0;
				GCC_PREPROCESSOR_DEFINITIONS = (
					"DEBUG=1",
					"$(inherited)",
				);
				GCC_WARN_64_TO_32_BIT_CONVERSION = YES;
				GCC_WARN_ABOUT_RETURN_TYPE = YES_ERROR;
				GCC_WARN_UNDECLARED_SELECTOR = YES;
				GCC_WARN_UNINITIALIZED_AUTOS = YES_AGGRESSIVE;
				GCC_WARN_UNUSED_FUNCTION = YES;
				GCC_WARN_UNUSED_VARIABLE = YES;
				MACOSX_DEPLOYMENT_TARGET = 10.14;
				MTL_ENABLE_DEBUG_INFO = INCLUDE_SOURCE;
				MTL_FAST_MATH = YES;
				ONLY_ACTIVE_ARCH = YES;
				SDKROOT = macosx;
			};
			name = Debug;
		};
		0873568821BCC47F006FEE2F /* Release */ = {
			isa = XCBuildConfiguration;
			buildSettings = {
				ALWAYS_SEARCH_USER_PATHS = NO;
				CLANG_ANALYZER_NONNULL = YES;
				CLANG_ANALYZER_NUMBER_OBJECT_CONVERSION = YES_AGGRESSIVE;
				CLANG_CXX_LANGUAGE_STANDARD = "gnu++14";
				CLANG_CXX_LIBRARY = "libc++";
				CLANG_ENABLE_MODULES = YES;
				CLANG_ENABLE_OBJC_ARC = YES;
				CLANG_ENABLE_OBJC_WEAK = YES;
				CLANG_WARN_BLOCK_CAPTURE_AUTORELEASING = YES;
				CLANG_WARN_BOOL_CONVERSION = YES;
				CLANG_WARN_COMMA = YES;
				CLANG_WARN_CONSTANT_CONVERSION = YES;
				CLANG_WARN_DEPRECATED_OBJC_IMPLEMENTATIONS = YES;
				CLANG_WARN_DIRECT_OBJC_ISA_USAGE = YES_ERROR;
				CLANG_WARN_DOCUMENTATION_COMMENTS = YES;
				CLANG_WARN_EMPTY_BODY = YES;
				CLANG_WARN_ENUM_CONVERSION = YES;
				CLANG_WARN_INFINITE_RECURSION = YES;
				CLANG_WARN_INT_CONVERSION = YES;
				CLANG_WARN_NON_LITERAL_NULL_CONVERSION = YES;
				CLANG_WARN_OBJC_IMPLICIT_RETAIN_SELF = YES;
				CLANG_WARN_OBJC_LITERAL_CONVERSION = YES;
				CLANG_WARN_OBJC_ROOT_CLASS = YES_ERROR;
				CLANG_WARN_RANGE_LOOP_ANALYSIS = YES;
				CLANG_WARN_STRICT_PROTOTYPES = YES;
				CLANG_WARN_SUSPICIOUS_MOVE = YES;
				CLANG_WARN_UNGUARDED_AVAILABILITY = YES_AGGRESSIVE;
				CLANG_WARN_UNREACHABLE_CODE = YES;
				CLANG_WARN__DUPLICATE_METHOD_MATCH = YES;
				CODE_SIGN_IDENTITY = "-";
				COPY_PHASE_STRIP = NO;
				DEBUG_INFORMATION_FORMAT = "dwarf-with-dsym";
				ENABLE_NS_ASSERTIONS = NO;
				ENABLE_STRICT_OBJC_MSGSEND = YES;
				GCC_C_LANGUAGE_STANDARD = gnu11;
				GCC_NO_COMMON_BLOCKS = YES;
				GCC_WARN_64_TO_32_BIT_CONVERSION = YES;
				GCC_WARN_ABOUT_RETURN_TYPE = YES_ERROR;
				GCC_WARN_UNDECLARED_SELECTOR = YES;
				GCC_WARN_UNINITIALIZED_AUTOS = YES_AGGRESSIVE;
				GCC_WARN_UNUSED_FUNCTION = YES;
				GCC_WARN_UNUSED_VARIABLE = YES;
				MACOSX_DEPLOYMENT_TARGET = 10.14;
				MTL_ENABLE_DEBUG_INFO = NO;
				MTL_FAST_MATH = YES;
				SDKROOT = macosx;
			};
			name = Release;
		};
		0873568A21BCC47F006FEE2F /* Debug */ = {
			isa = XCBuildConfiguration;
			buildSettings = {
				CODE_SIGN_STYLE = Automatic;
				PRODUCT_NAME = "$(TARGET_NAME)";
			};
			name = Debug;
		};
		0873568B21BCC47F006FEE2F /* Release */ = {
			isa = XCBuildConfiguration;
			buildSettings = {
				CODE_SIGN_STYLE = Automatic;
				PRODUCT_NAME = "$(TARGET_NAME)";
			};
			name = Release;
		};
/* End XCBuildConfiguration section */

/* Begin XCConfigurationList section */
		0873567D21BCC47F006FEE2F /* Build configuration list for PBXProject "TaxiMeter-OO" */ = {
			isa = XCConfigurationList;
			buildConfigurations = (
				0873568721BCC47F006FEE2F /* Debug */,
				0873568821BCC47F006FEE2F /* Release */,
			);
			defaultConfigurationIsVisible = 0;
			defaultConfigurationName = Release;
		};
		0873568921BCC47F006FEE2F /* Build configuration list for PBXNativeTarget "TaxiMeter-OO" */ = {
			isa = XCConfigurationList;
			buildConfigurations = (
				0873568A21BCC47F006FEE2F /* Debug */,
				0873568B21BCC47F006FEE2F /* Release */,
			);
			defaultConfigurationIsVisible = 0;
			defaultConfigurationName = Release;
		};
/* End XCConfigurationList section */
	};
	rootObject = 0873567A21BCC47F006FEE2F /* Project object */;
}
